<?xml version="1.0" encoding="utf-8"?>
<Project ToolsVersion="17.0" xmlns="http://schemas.microsoft.com/developer/msbuild/2003">
  <ItemGroup>
    <CustomBuild Include="C:\Users\grant\Downloads\grants_vrperfkit-main\CMakeFiles\0174c6ad7ccb0ae8dc0712f93da23e71\INSTALL_force.rule">
      <Filter>CMake Rules</Filter>
    </CustomBuild>
  </ItemGroup>
  <ItemGroup>
    <Filter Include="CMake Rules">
      <UniqueIdentifier>{F30FF1BF-F8B5-3AED-AE00-3398C703CFAC}</UniqueIdentifier>
    </Filter>
  </ItemGroup>
</Project>
